
Microsoft Visual Studio Solution File, Format Version 12.00
# Visual Studio Version 17
VisualStudioVersion = 17.7.34018.315
MinimumVisualStudioVersion = 10.0.40219.1
Project("{FAE04EC0-301F-11D3-BF4B-00C04F79EFBC}") = "ConsoleApp1", "ConsoleApp1.csproj", "{A79CD4AD-3550-43A2-90A7-D7C83EC3406E}"
EndProject
Global
	GlobalSection(SolutionConfigurationPlatforms) = preSolution
		Debug|Any CPU = Debug|Any CPU
		Release|Any CPU = Release|Any CPU
	EndGlobalSection
	GlobalSection(ProjectConfigurationPlatforms) = postSolution
		{A79CD4AD-3550-43A2-90A7-D7C83EC3406E}.Debug|Any CPU.ActiveCfg = Debug|Any CPU
		{A79CD4AD-3550-43A2-90A7-D7C83EC3406E}.Debug|Any CPU.Build.0 = Debug|Any CPU
		{A79CD4AD-3550-43A2-90A7-D7C83EC3406E}.Release|Any CPU.ActiveCfg = Release|Any CPU
		{A79CD4AD-3550-43A2-90A7-D7C83EC3406E}.Release|Any CPU.Build.0 = Release|Any CPU
	EndGlobalSection
	GlobalSection(SolutionProperties) = preSolution
		HideSolutionNode = FALSE
	EndGlobalSection
	GlobalSection(ExtensibilityGlobals) = postSolution
		SolutionGuid = {54D5CFF5-9788-489B-BE7A-054EC0D708B1}
	EndGlobalSection
EndGlobal
